// !$*UTF8*$!
{
	archiveVersion = 1;
	classes = {
	};
	objectVersion = 56;
	objects = {

/* Begin PBXBuildFile section */
		2449B91A2C119262006B65CA /* LockerManager.swift in Sources */ = {isa = PBXBuildFile; fileRef = 2449B9112C119262006B65CA /* LockerManager.swift */; };
		2449B91B2C119262006B65CA /* AnyResult.swift in Sources */ = {isa = PBXBuildFile; fileRef = 2449B9122C119262006B65CA /* AnyResult.swift */; };
		2449B91C2C119262006B65CA /* LockerDeviceView.swift in Sources */ = {isa = PBXBuildFile; fileRef = 2449B9132C119262006B65CA /* LockerDeviceView.swift */; };
		2449B91D2C119262006B65CA /* DeviceInfoWithValidation.swift in Sources */ = {isa = PBXBuildFile; fileRef = 2449B9142C119262006B65CA /* DeviceInfoWithValidation.swift */; };
		2449B91E2C119262006B65CA /* BluetoothScanButtonModifier.swift in Sources */ = {isa = PBXBuildFile; fileRef = 2449B9152C119262006B65CA /* BluetoothScanButtonModifier.swift */; };
		2449B91F2C119262006B65CA /* BluettothStatusManager.swift in Sources */ = {isa = PBXBuildFile; fileRef = 2449B9162C119262006B65CA /* BluettothStatusManager.swift */; };
		2449B9202C119262006B65CA /* AppView.swift in Sources */ = {isa = PBXBuildFile; fileRef = 2449B9172C119262006B65CA /* AppView.swift */; };
		2449B9212C119262006B65CA /* LogsView.swift in Sources */ = {isa = PBXBuildFile; fileRef = 2449B9182C119262006B65CA /* LogsView.swift */; };
		2449B9222C119262006B65CA /* ResultView.swift in Sources */ = {isa = PBXBuildFile; fileRef = 2449B9192C119262006B65CA /* ResultView.swift */; };
		24DFC5D52BFF67B900240E71 /* JetbeepExampleApp.swift in Sources */ = {isa = PBXBuildFile; fileRef = 24DFC5D42BFF67B900240E71 /* JetbeepExampleApp.swift */; };
		24DFC5D92BFF67BA00240E71 /* Assets.xcassets in Resources */ = {isa = PBXBuildFile; fileRef = 24DFC5D82BFF67BA00240E71 /* Assets.xcassets */; };
		24DFC5DD2BFF67BA00240E71 /* Preview Assets.xcassets in Resources */ = {isa = PBXBuildFile; fileRef = 24DFC5DC2BFF67BA00240E71 /* Preview Assets.xcassets */; };
		35D074F0EF68D33EB8A569E4 /* Pods_JetbeepExample.framework in Frameworks */ = {isa = PBXBuildFile; fileRef = 81636BD1CF1482B5771EFAE0 /* Pods_JetbeepExample.framework */; };
/* End PBXBuildFile section */

/* Begin PBXFileReference section */
		2449B9112C119262006B65CA /* LockerManager.swift */ = {isa = PBXFileReference; fileEncoding = 4; lastKnownFileType = sourcecode.swift; path = LockerManager.swift; sourceTree = "<group>"; };
		2449B9122C119262006B65CA /* AnyResult.swift */ = {isa = PBXFileReference; fileEncoding = 4; lastKnownFileType = sourcecode.swift; path = AnyResult.swift; sourceTree = "<group>"; };
		2449B9132C119262006B65CA /* LockerDeviceView.swift */ = {isa = PBXFileReference; fileEncoding = 4; lastKnownFileType = sourcecode.swift; path = LockerDeviceView.swift; sourceTree = "<group>"; };
		2449B9142C119262006B65CA /* DeviceInfoWithValidation.swift */ = {isa = PBXFileReference; fileEncoding = 4; lastKnownFileType = sourcecode.swift; path = DeviceInfoWithValidation.swift; sourceTree = "<group>"; };
		2449B9152C119262006B65CA /* BluetoothScanButtonModifier.swift */ = {isa = PBXFileReference; fileEncoding = 4; lastKnownFileType = sourcecode.swift; path = BluetoothScanButtonModifier.swift; sourceTree = "<group>"; };
		2449B9162C119262006B65CA /* BluettothStatusManager.swift */ = {isa = PBXFileReference; fileEncoding = 4; lastKnownFileType = sourcecode.swift; path = BluettothStatusManager.swift; sourceTree = "<group>"; };
		2449B9172C119262006B65CA /* AppView.swift */ = {isa = PBXFileReference; fileEncoding = 4; lastKnownFileType = sourcecode.swift; path = AppView.swift; sourceTree = "<group>"; };
		2449B9182C119262006B65CA /* LogsView.swift */ = {isa = PBXFileReference; fileEncoding = 4; lastKnownFileType = sourcecode.swift; path = LogsView.swift; sourceTree = "<group>"; };
		2449B9192C119262006B65CA /* ResultView.swift */ = {isa = PBXFileReference; fileEncoding = 4; lastKnownFileType = sourcecode.swift; path = ResultView.swift; sourceTree = "<group>"; };
		24DFC5D12BFF67B900240E71 /* JetbeepExample.app */ = {isa = PBXFileReference; explicitFileType = wrapper.application; includeInIndex = 0; path = JetbeepExample.app; sourceTree = BUILT_PRODUCTS_DIR; };
		24DFC5D42BFF67B900240E71 /* JetbeepExampleApp.swift */ = {isa = PBXFileReference; lastKnownFileType = sourcecode.swift; path = JetbeepExampleApp.swift; sourceTree = "<group>"; };
		24DFC5D82BFF67BA00240E71 /* Assets.xcassets */ = {isa = PBXFileReference; lastKnownFileType = folder.assetcatalog; path = Assets.xcassets; sourceTree = "<group>"; };
		24DFC5DA2BFF67BA00240E71 /* JetbeepExample.entitlements */ = {isa = PBXFileReference; lastKnownFileType = text.plist.entitlements; path = JetbeepExample.entitlements; sourceTree = "<group>"; };
		24DFC5DC2BFF67BA00240E71 /* Preview Assets.xcassets */ = {isa = PBXFileReference; lastKnownFileType = folder.assetcatalog; path = "Preview Assets.xcassets"; sourceTree = "<group>"; };
		81636BD1CF1482B5771EFAE0 /* Pods_JetbeepExample.framework */ = {isa = PBXFileReference; explicitFileType = wrapper.framework; includeInIndex = 0; path = Pods_JetbeepExample.framework; sourceTree = BUILT_PRODUCTS_DIR; };
		849E5CE2AC1B8C7F9BFA5928 /* Pods-JetbeepExample.debug.xcconfig */ = {isa = PBXFileReference; includeInIndex = 1; lastKnownFileType = text.xcconfig; name = "Pods-JetbeepExample.debug.xcconfig"; path = "Target Support Files/Pods-JetbeepExample/Pods-JetbeepExample.debug.xcconfig"; sourceTree = "<group>"; };
		84EF912CDFF132EB3DA8A04A /* Pods-JetbeepExample.release.xcconfig */ = {isa = PBXFileReference; includeInIndex = 1; lastKnownFileType = text.xcconfig; name = "Pods-JetbeepExample.release.xcconfig"; path = "Target Support Files/Pods-JetbeepExample/Pods-JetbeepExample.release.xcconfig"; sourceTree = "<group>"; };
/* End PBXFileReference section */

/* Begin PBXFrameworksBuildPhase section */
		24DFC5CE2BFF67B900240E71 /* Frameworks */ = {
			isa = PBXFrameworksBuildPhase;
			buildActionMask = 2147483647;
			files = (
				35D074F0EF68D33EB8A569E4 /* Pods_JetbeepExample.framework in Frameworks */,
			);
			runOnlyForDeploymentPostprocessing = 0;
		};
/* End PBXFrameworksBuildPhase section */

/* Begin PBXGroup section */
		24DFC5C82BFF67B900240E71 = {
			isa = PBXGroup;
			children = (
				24DFC5D32BFF67B900240E71 /* JetbeepExample */,
				24DFC5D22BFF67B900240E71 /* Products */,
				D9B34F55C5317FE3C7811892 /* Pods */,
				D6F488CE6E81CAB099143F5D /* Frameworks */,
			);
			sourceTree = "<group>";
		};
		24DFC5D22BFF67B900240E71 /* Products */ = {
			isa = PBXGroup;
			children = (
				24DFC5D12BFF67B900240E71 /* JetbeepExample.app */,
			);
			name = Products;
			sourceTree = "<group>";
		};
		24DFC5D32BFF67B900240E71 /* JetbeepExample */ = {
			isa = PBXGroup;
			children = (
				2449B9122C119262006B65CA /* AnyResult.swift */,
				2449B9172C119262006B65CA /* AppView.swift */,
				2449B9152C119262006B65CA /* BluetoothScanButtonModifier.swift */,
				2449B9162C119262006B65CA /* BluettothStatusManager.swift */,
				2449B9142C119262006B65CA /* DeviceInfoWithValidation.swift */,
				2449B9132C119262006B65CA /* LockerDeviceView.swift */,
				2449B9112C119262006B65CA /* LockerManager.swift */,
				2449B9182C119262006B65CA /* LogsView.swift */,
				2449B9192C119262006B65CA /* ResultView.swift */,
				24DFC5D42BFF67B900240E71 /* JetbeepExampleApp.swift */,
				24DFC5D82BFF67BA00240E71 /* Assets.xcassets */,
				24DFC5DA2BFF67BA00240E71 /* JetbeepExample.entitlements */,
				24DFC5DB2BFF67BA00240E71 /* Preview Content */,
			);
			path = JetbeepExample;
			sourceTree = "<group>";
		};
		24DFC5DB2BFF67BA00240E71 /* Preview Content */ = {
			isa = PBXGroup;
			children = (
				24DFC5DC2BFF67BA00240E71 /* Preview Assets.xcassets */,
			);
			path = "Preview Content";
			sourceTree = "<group>";
		};
		D6F488CE6E81CAB099143F5D /* Frameworks */ = {
			isa = PBXGroup;
			children = (
				81636BD1CF1482B5771EFAE0 /* Pods_JetbeepExample.framework */,
			);
			name = Frameworks;
			sourceTree = "<group>";
		};
		D9B34F55C5317FE3C7811892 /* Pods */ = {
			isa = PBXGroup;
			children = (
				849E5CE2AC1B8C7F9BFA5928 /* Pods-JetbeepExample.debug.xcconfig */,
				84EF912CDFF132EB3DA8A04A /* Pods-JetbeepExample.release.xcconfig */,
			);
			path = Pods;
			sourceTree = "<group>";
		};
/* End PBXGroup section */

/* Begin PBXNativeTarget section */
		24DFC5D02BFF67B900240E71 /* JetbeepExample */ = {
			isa = PBXNativeTarget;
			buildConfigurationList = 24DFC5E02BFF67BA00240E71 /* Build configuration list for PBXNativeTarget "JetbeepExample" */;
			buildPhases = (
				875AA17C78837977163FCFA9 /* [CP] Check Pods Manifest.lock */,
				24DFC5CD2BFF67B900240E71 /* Sources */,
				24DFC5CE2BFF67B900240E71 /* Frameworks */,
				24DFC5CF2BFF67B900240E71 /* Resources */,
				7B57B436D290A3D1169209A0 /* [CP] Embed Pods Frameworks */,
			);
			buildRules = (
			);
			dependencies = (
			);
			name = JetbeepExample;
			productName = JetbeepExample;
			productReference = 24DFC5D12BFF67B900240E71 /* JetbeepExample.app */;
			productType = "com.apple.product-type.application";
		};
/* End PBXNativeTarget section */

/* Begin PBXProject section */
		24DFC5C92BFF67B900240E71 /* Project object */ = {
			isa = PBXProject;
			attributes = {
				BuildIndependentTargetsInParallel = 1;
				LastSwiftUpdateCheck = 1530;
				LastUpgradeCheck = 1530;
				TargetAttributes = {
					24DFC5D02BFF67B900240E71 = {
						CreatedOnToolsVersion = 15.3;
					};
				};
			};
			buildConfigurationList = 24DFC5CC2BFF67B900240E71 /* Build configuration list for PBXProject "JetbeepExample" */;
			compatibilityVersion = "Xcode 14.0";
			developmentRegion = en;
			hasScannedForEncodings = 0;
			knownRegions = (
				en,
				Base,
			);
			mainGroup = 24DFC5C82BFF67B900240E71;
			productRefGroup = 24DFC5D22BFF67B900240E71 /* Products */;
			projectDirPath = "";
			projectRoot = "";
			targets = (
				24DFC5D02BFF67B900240E71 /* JetbeepExample */,
			);
		};
/* End PBXProject section */

/* Begin PBXResourcesBuildPhase section */
		24DFC5CF2BFF67B900240E71 /* Resources */ = {
			isa = PBXResourcesBuildPhase;
			buildActionMask = 2147483647;
			files = (
				24DFC5DD2BFF67BA00240E71 /* Preview Assets.xcassets in Resources */,
				24DFC5D92BFF67BA00240E71 /* Assets.xcassets in Resources */,
			);
			runOnlyForDeploymentPostprocessing = 0;
		};
/* End PBXResourcesBuildPhase section */

/* Begin PBXShellScriptBuildPhase section */
		7B57B436D290A3D1169209A0 /* [CP] Embed Pods Frameworks */ = {
			isa = PBXShellScriptBuildPhase;
			buildActionMask = 2147483647;
			files = (
			);
			inputFileListPaths = (
				"${PODS_ROOT}/Target Support Files/Pods-JetbeepExample/Pods-JetbeepExample-frameworks-${CONFIGURATION}-input-files.xcfilelist",
			);
			name = "[CP] Embed Pods Frameworks";
			outputFileListPaths = (
				"${PODS_ROOT}/Target Support Files/Pods-JetbeepExample/Pods-JetbeepExample-frameworks-${CONFIGURATION}-output-files.xcfilelist",
			);
			runOnlyForDeploymentPostprocessing = 0;
			shellPath = /bin/sh;
			shellScript = "\"${PODS_ROOT}/Target Support Files/Pods-JetbeepExample/Pods-JetbeepExample-frameworks.sh\"\n";
			showEnvVarsInLog = 0;
		};
		875AA17C78837977163FCFA9 /* [CP] Check Pods Manifest.lock */ = {
			isa = PBXShellScriptBuildPhase;
			buildActionMask = 2147483647;
			files = (
			);
			inputFileListPaths = (
			);
			inputPaths = (
				"${PODS_PODFILE_DIR_PATH}/Podfile.lock",
				"${PODS_ROOT}/Manifest.lock",
			);
			name = "[CP] Check Pods Manifest.lock";
			outputFileListPaths = (
			);
			outputPaths = (
				"$(DERIVED_FILE_DIR)/Pods-JetbeepExample-checkManifestLockResult.txt",
			);
			runOnlyForDeploymentPostprocessing = 0;
			shellPath = /bin/sh;
			shellScript = "diff \"${PODS_PODFILE_DIR_PATH}/Podfile.lock\" \"${PODS_ROOT}/Manifest.lock\" > /dev/null\nif [ $? != 0 ] ; then\n    # print error to STDERR\n    echo \"error: The sandbox is not in sync with the Podfile.lock. Run 'pod install' or update your CocoaPods installation.\" >&2\n    exit 1\nfi\n# This output is used by Xcode 'outputs' to avoid re-running this script phase.\necho \"SUCCESS\" > \"${SCRIPT_OUTPUT_FILE_0}\"\n";
			showEnvVarsInLog = 0;
		};
/* End PBXShellScriptBuildPhase section */

/* Begin PBXSourcesBuildPhase section */
		24DFC5CD2BFF67B900240E71 /* Sources */ = {
			isa = PBXSourcesBuildPhase;
			buildActionMask = 2147483647;
			files = (
				2449B91C2C119262006B65CA /* LockerDeviceView.swift in Sources */,
				2449B91F2C119262006B65CA /* BluettothStatusManager.swift in Sources */,
				24DFC5D52BFF67B900240E71 /* JetbeepExampleApp.swift in Sources */,
				2449B91E2C119262006B65CA /* BluetoothScanButtonModifier.swift in Sources */,
				2449B9202C119262006B65CA /* AppView.swift in Sources */,
				2449B91B2C119262006B65CA /* AnyResult.swift in Sources */,
				2449B91A2C119262006B65CA /* LockerManager.swift in Sources */,
				2449B9222C119262006B65CA /* ResultView.swift in Sources */,
				2449B9212C119262006B65CA /* LogsView.swift in Sources */,
				2449B91D2C119262006B65CA /* DeviceInfoWithValidation.swift in Sources */,
			);
			runOnlyForDeploymentPostprocessing = 0;
		};
/* End PBXSourcesBuildPhase section */

/* Begin XCBuildConfiguration section */
		24DFC5DE2BFF67BA00240E71 /* Debug */ = {
			isa = XCBuildConfiguration;
			buildSettings = {
				ALWAYS_SEARCH_USER_PATHS = NO;
				ASSETCATALOG_COMPILER_GENERATE_SWIFT_ASSET_SYMBOL_EXTENSIONS = YES;
				CLANG_ANALYZER_NONNULL = YES;
				CLANG_ANALYZER_NUMBER_OBJECT_CONVERSION = YES_AGGRESSIVE;
				CLANG_CXX_LANGUAGE_STANDARD = "gnu++20";
				CLANG_ENABLE_MODULES = YES;
				CLANG_ENABLE_OBJC_ARC = YES;
				CLANG_ENABLE_OBJC_WEAK = YES;
				CLANG_WARN_BLOCK_CAPTURE_AUTORELEASING = YES;
				CLANG_WARN_BOOL_CONVERSION = YES;
				CLANG_WARN_COMMA = YES;
				CLANG_WARN_CONSTANT_CONVERSION = YES;
				CLANG_WARN_DEPRECATED_OBJC_IMPLEMENTATIONS = YES;
				CLANG_WARN_DIRECT_OBJC_ISA_USAGE = YES_ERROR;
				CLANG_WARN_DOCUMENTATION_COMMENTS = YES;
				CLANG_WARN_EMPTY_BODY = YES;
				CLANG_WARN_ENUM_CONVERSION = YES;
				CLANG_WARN_INFINITE_RECURSION = YES;
				CLANG_WARN_INT_CONVERSION = YES;
				CLANG_WARN_NON_LITERAL_NULL_CONVERSION = YES;
				CLANG_WARN_OBJC_IMPLICIT_RETAIN_SELF = YES;
				CLANG_WARN_OBJC_LITERAL_CONVERSION = YES;
				CLANG_WARN_OBJC_ROOT_CLASS = YES_ERROR;
				CLANG_WARN_QUOTED_INCLUDE_IN_FRAMEWORK_HEADER = YES;
				CLANG_WARN_RANGE_LOOP_ANALYSIS = YES;
				CLANG_WARN_STRICT_PROTOTYPES = YES;
				CLANG_WARN_SUSPICIOUS_MOVE = YES;
				CLANG_WARN_UNGUARDED_AVAILABILITY = YES_AGGRESSIVE;
				CLANG_WARN_UNREACHABLE_CODE = YES;
				CLANG_WARN__DUPLICATE_METHOD_MATCH = YES;
				COPY_PHASE_STRIP = NO;
				DEBUG_INFORMATION_FORMAT = dwarf;
				ENABLE_STRICT_OBJC_MSGSEND = YES;
				ENABLE_TESTABILITY = YES;
				ENABLE_USER_SCRIPT_SANDBOXING = YES;
				GCC_C_LANGUAGE_STANDARD = gnu17;
				GCC_DYNAMIC_NO_PIC = NO;
				GCC_NO_COMMON_BLOCKS = YES;
				GCC_OPTIMIZATION_LEVEL = 0;
				GCC_PREPROCESSOR_DEFINITIONS = (
					"DEBUG=1",
					"$(inherited)",
				);
				GCC_WARN_64_TO_32_BIT_CONVERSION = YES;
				GCC_WARN_ABOUT_RETURN_TYPE = YES_ERROR;
				GCC_WARN_UNDECLARED_SELECTOR = YES;
				GCC_WARN_UNINITIALIZED_AUTOS = YES_AGGRESSIVE;
				GCC_WARN_UNUSED_FUNCTION = YES;
				GCC_WARN_UNUSED_VARIABLE = YES;
				LOCALIZATION_PREFERS_STRING_CATALOGS = YES;
				MTL_ENABLE_DEBUG_INFO = INCLUDE_SOURCE;
				MTL_FAST_MATH = YES;
				ONLY_ACTIVE_ARCH = YES;
				SWIFT_ACTIVE_COMPILATION_CONDITIONS = "DEBUG $(inherited)";
				SWIFT_OPTIMIZATION_LEVEL = "-Onone";
			};
			name = Debug;
		};
		24DFC5DF2BFF67BA00240E71 /* Release */ = {
			isa = XCBuildConfiguration;
			buildSettings = {
				ALWAYS_SEARCH_USER_PATHS = NO;
				ASSETCATALOG_COMPILER_GENERATE_SWIFT_ASSET_SYMBOL_EXTENSIONS = YES;
				CLANG_ANALYZER_NONNULL = YES;
				CLANG_ANALYZER_NUMBER_OBJECT_CONVERSION = YES_AGGRESSIVE;
				CLANG_CXX_LANGUAGE_STANDARD = "gnu++20";
				CLANG_ENABLE_MODULES = YES;
				CLANG_ENABLE_OBJC_ARC = YES;
				CLANG_ENABLE_OBJC_WEAK = YES;
				CLANG_WARN_BLOCK_CAPTURE_AUTORELEASING = YES;
				CLANG_WARN_BOOL_CONVERSION = YES;
				CLANG_WARN_COMMA = YES;
				CLANG_WARN_CONSTANT_CONVERSION = YES;
				CLANG_WARN_DEPRECATED_OBJC_IMPLEMENTATIONS = YES;
				CLANG_WARN_DIRECT_OBJC_ISA_USAGE = YES_ERROR;
				CLANG_WARN_DOCUMENTATION_COMMENTS = YES;
				CLANG_WARN_EMPTY_BODY = YES;
				CLANG_WARN_ENUM_CONVERSION = YES;
				CLANG_WARN_INFINITE_RECURSION = YES;
				CLANG_WARN_INT_CONVERSION = YES;
				CLANG_WARN_NON_LITERAL_NULL_CONVERSION = YES;
				CLANG_WARN_OBJC_IMPLICIT_RETAIN_SELF = YES;
				CLANG_WARN_OBJC_LITERAL_CONVERSION = YES;
				CLANG_WARN_OBJC_ROOT_CLASS = YES_ERROR;
				CLANG_WARN_QUOTED_INCLUDE_IN_FRAMEWORK_HEADER = YES;
				CLANG_WARN_RANGE_LOOP_ANALYSIS = YES;
				CLANG_WARN_STRICT_PROTOTYPES = YES;
				CLANG_WARN_SUSPICIOUS_MOVE = YES;
				CLANG_WARN_UNGUARDED_AVAILABILITY = YES_AGGRESSIVE;
				CLANG_WARN_UNREACHABLE_CODE = YES;
				CLANG_WARN__DUPLICATE_METHOD_MATCH = YES;
				COPY_PHASE_STRIP = NO;
				DEBUG_INFORMATION_FORMAT = "dwarf-with-dsym";
				ENABLE_NS_ASSERTIONS = NO;
				ENABLE_STRICT_OBJC_MSGSEND = YES;
				ENABLE_USER_SCRIPT_SANDBOXING = YES;
				GCC_C_LANGUAGE_STANDARD = gnu17;
				GCC_NO_COMMON_BLOCKS = YES;
				GCC_WARN_64_TO_32_BIT_CONVERSION = YES;
				GCC_WARN_ABOUT_RETURN_TYPE = YES_ERROR;
				GCC_WARN_UNDECLARED_SELECTOR = YES;
				GCC_WARN_UNINITIALIZED_AUTOS = YES_AGGRESSIVE;
				GCC_WARN_UNUSED_FUNCTION = YES;
				GCC_WARN_UNUSED_VARIABLE = YES;
				LOCALIZATION_PREFERS_STRING_CATALOGS = YES;
				MTL_ENABLE_DEBUG_INFO = NO;
				MTL_FAST_MATH = YES;
				SWIFT_COMPILATION_MODE = wholemodule;
			};
			name = Release;
		};
		24DFC5E12BFF67BA00240E71 /* Debug */ = {
			isa = XCBuildConfiguration;
			baseConfigurationReference = 849E5CE2AC1B8C7F9BFA5928 /* Pods-JetbeepExample.debug.xcconfig */;
			buildSettings = {
				ASSETCATALOG_COMPILER_APPICON_NAME = AppIcon;
				ASSETCATALOG_COMPILER_GLOBAL_ACCENT_COLOR_NAME = AccentColor;
				CODE_SIGN_ENTITLEMENTS = JetbeepExample/JetbeepExample.entitlements;
				CODE_SIGN_STYLE = Automatic;
				CURRENT_PROJECT_VERSION = 1;
				DEVELOPMENT_ASSET_PATHS = "\"JetbeepExample/Preview Content\"";
				DEVELOPMENT_TEAM = 54UC652L8N;
				ENABLE_HARDENED_RUNTIME = YES;
				ENABLE_PREVIEWS = YES;
				ENABLE_USER_SCRIPT_SANDBOXING = NO;
				GENERATE_INFOPLIST_FILE = YES;
				INFOPLIST_KEY_NSBluetoothAlwaysUsageDescription = "We need an access to bluettoth for demo.";
				"INFOPLIST_KEY_UIApplicationSceneManifest_Generation[sdk=iphoneos*]" = YES;
				"INFOPLIST_KEY_UIApplicationSceneManifest_Generation[sdk=iphonesimulator*]" = YES;
				"INFOPLIST_KEY_UIApplicationSupportsIndirectInputEvents[sdk=iphoneos*]" = YES;
				"INFOPLIST_KEY_UIApplicationSupportsIndirectInputEvents[sdk=iphonesimulator*]" = YES;
				"INFOPLIST_KEY_UILaunchScreen_Generation[sdk=iphoneos*]" = YES;
				"INFOPLIST_KEY_UILaunchScreen_Generation[sdk=iphonesimulator*]" = YES;
				"INFOPLIST_KEY_UIStatusBarStyle[sdk=iphoneos*]" = UIStatusBarStyleDefault;
				"INFOPLIST_KEY_UIStatusBarStyle[sdk=iphonesimulator*]" = UIStatusBarStyleDefault;
				INFOPLIST_KEY_UISupportedInterfaceOrientations_iPad = "UIInterfaceOrientationPortrait UIInterfaceOrientationPortraitUpsideDown UIInterfaceOrientationLandscapeLeft UIInterfaceOrientationLandscapeRight";
				INFOPLIST_KEY_UISupportedInterfaceOrientations_iPhone = "UIInterfaceOrientationPortrait UIInterfaceOrientationLandscapeLeft UIInterfaceOrientationLandscapeRight";
				IPHONEOS_DEPLOYMENT_TARGET = 17.4;
				LD_RUNPATH_SEARCH_PATHS = "$(inherited)";
				"LD_RUNPATH_SEARCH_PATHS[sdk=macosx*]" = "@executable_path/../Frameworks";
				MACOSX_DEPLOYMENT_TARGET = 14.3;
				MARKETING_VERSION = 1.0;
				PRODUCT_BUNDLE_IDENTIFIER = com.jetbeep.JetbeepExample;
				PRODUCT_NAME = "$(TARGET_NAME)";
				SDKROOT = auto;
				SUPPORTED_PLATFORMS = "iphoneos iphonesimulator macosx";
				SWIFT_EMIT_LOC_STRINGS = YES;
				SWIFT_VERSION = 5.0;
				TARGETED_DEVICE_FAMILY = "1,2";
			};
			name = Debug;
		};
		24DFC5E22BFF67BA00240E71 /* Release */ = {
			isa = XCBuildConfiguration;
			baseConfigurationReference = 84EF912CDFF132EB3DA8A04A /* Pods-JetbeepExample.release.xcconfig */;
			buildSettings = {
				ASSETCATALOG_COMPILER_APPICON_NAME = AppIcon;
				ASSETCATALOG_COMPILER_GLOBAL_ACCENT_COLOR_NAME = AccentColor;
				CODE_SIGN_ENTITLEMENTS = JetbeepExample/JetbeepExample.entitlements;
				CODE_SIGN_STYLE = Automatic;
				CURRENT_PROJECT_VERSION = 1;
				DEVELOPMENT_ASSET_PATHS = "\"JetbeepExample/Preview Content\"";
				DEVELOPMENT_TEAM = 54UC652L8N;
				ENABLE_HARDENED_RUNTIME = YES;
				ENABLE_PREVIEWS = YES;
				ENABLE_USER_SCRIPT_SANDBOXING = NO;
				GENERATE_INFOPLIST_FILE = YES;
				INFOPLIST_KEY_NSBluetoothAlwaysUsageDescription = "We need an access to bluettoth for demo.";
				"INFOPLIST_KEY_UIApplicationSceneManifest_Generation[sdk=iphoneos*]" = YES;
				"INFOPLIST_KEY_UIApplicationSceneManifest_Generation[sdk=iphonesimulator*]" = YES;
				"INFOPLIST_KEY_UIApplicationSupportsIndirectInputEvents[sdk=iphoneos*]" = YES;
				"INFOPLIST_KEY_UIApplicationSupportsIndirectInputEvents[sdk=iphonesimulator*]" = YES;
				"INFOPLIST_KEY_UILaunchScreen_Generation[sdk=iphoneos*]" = YES;
				"INFOPLIST_KEY_UILaunchScreen_Generation[sdk=iphonesimulator*]" = YES;
				"INFOPLIST_KEY_UIStatusBarStyle[sdk=iphoneos*]" = UIStatusBarStyleDefault;
				"INFOPLIST_KEY_UIStatusBarStyle[sdk=iphonesimulator*]" = UIStatusBarStyleDefault;
				INFOPLIST_KEY_UISupportedInterfaceOrientations_iPad = "UIInterfaceOrientationPortrait UIInterfaceOrientationPortraitUpsideDown UIInterfaceOrientationLandscapeLeft UIInterfaceOrientationLandscapeRight";
				INFOPLIST_KEY_UISupportedInterfaceOrientations_iPhone = "UIInterfaceOrientationPortrait UIInterfaceOrientationLandscapeLeft UIInterfaceOrientationLandscapeRight";
				IPHONEOS_DEPLOYMENT_TARGET = 17.4;
				LD_RUNPATH_SEARCH_PATHS = "$(inherited)";
				"LD_RUNPATH_SEARCH_PATHS[sdk=macosx*]" = "@executable_path/../Frameworks";
				MACOSX_DEPLOYMENT_TARGET = 14.3;
				MARKETING_VERSION = 1.0;
				PRODUCT_BUNDLE_IDENTIFIER = com.jetbeep.JetbeepExample;
				PRODUCT_NAME = "$(TARGET_NAME)";
				SDKROOT = auto;
				SUPPORTED_PLATFORMS = "iphoneos iphonesimulator macosx";
				SWIFT_EMIT_LOC_STRINGS = YES;
				SWIFT_VERSION = 5.0;
				TARGETED_DEVICE_FAMILY = "1,2";
			};
			name = Release;
		};
/* End XCBuildConfiguration section */

/* Begin XCConfigurationList section */
		24DFC5CC2BFF67B900240E71 /* Build configuration list for PBXProject "JetbeepExample" */ = {
			isa = XCConfigurationList;
			buildConfigurations = (
				24DFC5DE2BFF67BA00240E71 /* Debug */,
				24DFC5DF2BFF67BA00240E71 /* Release */,
			);
			defaultConfigurationIsVisible = 0;
			defaultConfigurationName = Release;
		};
		24DFC5E02BFF67BA00240E71 /* Build configuration list for PBXNativeTarget "JetbeepExample" */ = {
			isa = XCConfigurationList;
			buildConfigurations = (
				24DFC5E12BFF67BA00240E71 /* Debug */,
				24DFC5E22BFF67BA00240E71 /* Release */,
			);
			defaultConfigurationIsVisible = 0;
			defaultConfigurationName = Release;
		};
/* End XCConfigurationList section */
	};
	rootObject = 24DFC5C92BFF67B900240E71 /* Project object */;
}
